
Microsoft Visual Studio Solution File, Format Version 12.00
# Visual Studio 15
VisualStudioVersion = 15.0.28307.960
MinimumVisualStudioVersion = 10.0.40219.1
Project("{FAE04EC0-301F-11D3-BF4B-00C04F79EFBC}") = "North", "North\North.csproj", "{D92E48BE-6522-4A48-AC3F-07020A2C1D01}"
EndProject
Project("{2150E333-8FDC-42A3-9474-1A3956D46DE8}") = "Solution Items", "Solution Items", "{10AC0965-6946-448F-8C7B-9F87DE4666AD}"
	ProjectSection(SolutionItems) = preProject
		North2020Script.sql = North2020Script.sql
		readme.md = readme.md
	EndProjectSection
EndProject
Project("{FAE04EC0-301F-11D3-BF4B-00C04F79EFBC}") = "NorthStockConfiguration", "NorthStockConfiguration\NorthStockConfiguration.csproj", "{CC3DEC79-DAD0-4891-8798-C7B4E8042B09}"
EndProject
Project("{FAE04EC0-301F-11D3-BF4B-00C04F79EFBC}") = "NorthWithFolders", "NorthWithFolders\NorthWithFolders.csproj", "{FF26B1E6-4CB1-40B7-A9A4-F93B8EBEF273}"
EndProject
Project("{FAE04EC0-301F-11D3-BF4B-00C04F79EFBC}") = "NorthWithFoldersAnnotations", "NorthWithFoldersAnnotations\NorthWithFoldersAnnotations.csproj", "{E3F85453-5098-4F64-97D4-2612B25A1BC5}"
EndProject
Project("{FAE04EC0-301F-11D3-BF4B-00C04F79EFBC}") = "NorthWithConfiguration", "NorthWithConfiguration\NorthWithConfiguration.csproj", "{D973311B-E9FD-48D4-B976-7F70372D43FB}"
EndProject
Project("{FAE04EC0-301F-11D3-BF4B-00C04F79EFBC}") = "NorthOlderModel", "NorthOlderModel\NorthOlderModel.csproj", "{3D44BEBB-A6AC-47A8-B5B6-6E18AAF10786}"
EndProject
Project("{FAE04EC0-301F-11D3-BF4B-00C04F79EFBC}") = "BindingListView", "BindingListView\BindingListView.csproj", "{75AF36A8-7797-4023-B183-5B63D448420A}"
EndProject
Project("{2150E333-8FDC-42A3-9474-1A3956D46DE8}") = "Class projects", "Class projects", "{C29C5404-3DB7-4ABA-95E5-8FA362D59D64}"
EndProject
Project("{2150E333-8FDC-42A3-9474-1A3956D46DE8}") = "Permutations", "Permutations", "{D6A23707-D4A6-4932-B1DE-DF374565F405}"
EndProject
Project("{2150E333-8FDC-42A3-9474-1A3956D46DE8}") = "Front ends", "Front ends", "{90E8F10B-B53B-4A7B-808F-A207C862D5AF}"
EndProject
Project("{FAE04EC0-301F-11D3-BF4B-00C04F79EFBC}") = "AnnotationsDemos", "AnnotationsDemos\AnnotationsDemos.csproj", "{83E635A6-4A56-46B5-899D-4FC1026E5B26}"
EndProject
Project("{2150E333-8FDC-42A3-9474-1A3956D46DE8}") = "Validation samples", "Validation samples", "{31D6A25F-6E33-4B92-85E3-D0D2AAA2DB79}"
EndProject
Project("{FAE04EC0-301F-11D3-BF4B-00C04F79EFBC}") = "ValidationMocked", "ValidationMocked\ValidationMocked.csproj", "{9DF80C3F-9AE6-4FBE-81B7-3C3B00B101B2}"
EndProject
Project("{2150E333-8FDC-42A3-9474-1A3956D46DE8}") = "Working with time", "Working with time", "{73F83EE4-A4E9-4728-8A2D-B0B8BB83A3B7}"
	ProjectSection(SolutionItems) = preProject
		TimeReadme.md = TimeReadme.md
	EndProjectSection
EndProject
Project("{FAE04EC0-301F-11D3-BF4B-00C04F79EFBC}") = "TimeLibrary", "TimeLibrary\TimeLibrary.csproj", "{8C5FC4CF-1A5B-47D4-8021-709B3FAC5F63}"
EndProject
Project("{9A19103F-16F7-4668-BE54-9A1E7A4F7556}") = "TimeLibraryCore", "TimeLibraryCore\TimeLibraryCore.csproj", "{99B94BE5-33B5-4984-A603-EE9E7C71FBBF}"
EndProject
Project("{FAE04EC0-301F-11D3-BF4B-00C04F79EFBC}") = "TimeUnitTestProject", "TimeUnitTestProject\TimeUnitTestProject.csproj", "{46BE1AEA-3BDD-479A-A91F-FE506E1895F7}"
EndProject
Project("{FAE04EC0-301F-11D3-BF4B-00C04F79EFBC}") = "WorkingWithTimeUsingMovies", "WorkingWithTimeUsingMovies\WorkingWithTimeUsingMovies.csproj", "{A59BDA4B-AE46-4AA1-A7A6-E54130E188E4}"
EndProject
Global
	GlobalSection(SolutionConfigurationPlatforms) = preSolution
		Debug|Any CPU = Debug|Any CPU
		Release|Any CPU = Release|Any CPU
	EndGlobalSection
	GlobalSection(ProjectConfigurationPlatforms) = postSolution
		{D92E48BE-6522-4A48-AC3F-07020A2C1D01}.Debug|Any CPU.ActiveCfg = Debug|Any CPU
		{D92E48BE-6522-4A48-AC3F-07020A2C1D01}.Debug|Any CPU.Build.0 = Debug|Any CPU
		{D92E48BE-6522-4A48-AC3F-07020A2C1D01}.Release|Any CPU.ActiveCfg = Release|Any CPU
		{D92E48BE-6522-4A48-AC3F-07020A2C1D01}.Release|Any CPU.Build.0 = Release|Any CPU
		{CC3DEC79-DAD0-4891-8798-C7B4E8042B09}.Debug|Any CPU.ActiveCfg = Debug|Any CPU
		{CC3DEC79-DAD0-4891-8798-C7B4E8042B09}.Debug|Any CPU.Build.0 = Debug|Any CPU
		{CC3DEC79-DAD0-4891-8798-C7B4E8042B09}.Release|Any CPU.ActiveCfg = Release|Any CPU
		{CC3DEC79-DAD0-4891-8798-C7B4E8042B09}.Release|Any CPU.Build.0 = Release|Any CPU
		{FF26B1E6-4CB1-40B7-A9A4-F93B8EBEF273}.Debug|Any CPU.ActiveCfg = Debug|Any CPU
		{FF26B1E6-4CB1-40B7-A9A4-F93B8EBEF273}.Debug|Any CPU.Build.0 = Debug|Any CPU
		{FF26B1E6-4CB1-40B7-A9A4-F93B8EBEF273}.Release|Any CPU.ActiveCfg = Release|Any CPU
		{FF26B1E6-4CB1-40B7-A9A4-F93B8EBEF273}.Release|Any CPU.Build.0 = Release|Any CPU
		{E3F85453-5098-4F64-97D4-2612B25A1BC5}.Debug|Any CPU.ActiveCfg = Debug|Any CPU
		{E3F85453-5098-4F64-97D4-2612B25A1BC5}.Debug|Any CPU.Build.0 = Debug|Any CPU
		{E3F85453-5098-4F64-97D4-2612B25A1BC5}.Release|Any CPU.ActiveCfg = Release|Any CPU
		{E3F85453-5098-4F64-97D4-2612B25A1BC5}.Release|Any CPU.Build.0 = Release|Any CPU
		{D973311B-E9FD-48D4-B976-7F70372D43FB}.Debug|Any CPU.ActiveCfg = Debug|Any CPU
		{D973311B-E9FD-48D4-B976-7F70372D43FB}.Debug|Any CPU.Build.0 = Debug|Any CPU
		{D973311B-E9FD-48D4-B976-7F70372D43FB}.Release|Any CPU.ActiveCfg = Release|Any CPU
		{D973311B-E9FD-48D4-B976-7F70372D43FB}.Release|Any CPU.Build.0 = Release|Any CPU
		{3D44BEBB-A6AC-47A8-B5B6-6E18AAF10786}.Debug|Any CPU.ActiveCfg = Debug|Any CPU
		{3D44BEBB-A6AC-47A8-B5B6-6E18AAF10786}.Debug|Any CPU.Build.0 = Debug|Any CPU
		{3D44BEBB-A6AC-47A8-B5B6-6E18AAF10786}.Release|Any CPU.ActiveCfg = Release|Any CPU
		{3D44BEBB-A6AC-47A8-B5B6-6E18AAF10786}.Release|Any CPU.Build.0 = Release|Any CPU
		{75AF36A8-7797-4023-B183-5B63D448420A}.Debug|Any CPU.ActiveCfg = Debug|Any CPU
		{75AF36A8-7797-4023-B183-5B63D448420A}.Debug|Any CPU.Build.0 = Debug|Any CPU
		{75AF36A8-7797-4023-B183-5B63D448420A}.Release|Any CPU.ActiveCfg = Release|Any CPU
		{75AF36A8-7797-4023-B183-5B63D448420A}.Release|Any CPU.Build.0 = Release|Any CPU
		{83E635A6-4A56-46B5-899D-4FC1026E5B26}.Debug|Any CPU.ActiveCfg = Debug|Any CPU
		{83E635A6-4A56-46B5-899D-4FC1026E5B26}.Debug|Any CPU.Build.0 = Debug|Any CPU
		{83E635A6-4A56-46B5-899D-4FC1026E5B26}.Release|Any CPU.ActiveCfg = Release|Any CPU
		{83E635A6-4A56-46B5-899D-4FC1026E5B26}.Release|Any CPU.Build.0 = Release|Any CPU
		{9DF80C3F-9AE6-4FBE-81B7-3C3B00B101B2}.Debug|Any CPU.ActiveCfg = Debug|Any CPU
		{9DF80C3F-9AE6-4FBE-81B7-3C3B00B101B2}.Debug|Any CPU.Build.0 = Debug|Any CPU
		{9DF80C3F-9AE6-4FBE-81B7-3C3B00B101B2}.Release|Any CPU.ActiveCfg = Release|Any CPU
		{9DF80C3F-9AE6-4FBE-81B7-3C3B00B101B2}.Release|Any CPU.Build.0 = Release|Any CPU
		{8C5FC4CF-1A5B-47D4-8021-709B3FAC5F63}.Debug|Any CPU.ActiveCfg = Debug|Any CPU
		{8C5FC4CF-1A5B-47D4-8021-709B3FAC5F63}.Debug|Any CPU.Build.0 = Debug|Any CPU
		{8C5FC4CF-1A5B-47D4-8021-709B3FAC5F63}.Release|Any CPU.ActiveCfg = Release|Any CPU
		{8C5FC4CF-1A5B-47D4-8021-709B3FAC5F63}.Release|Any CPU.Build.0 = Release|Any CPU
		{99B94BE5-33B5-4984-A603-EE9E7C71FBBF}.Debug|Any CPU.ActiveCfg = Debug|Any CPU
		{99B94BE5-33B5-4984-A603-EE9E7C71FBBF}.Debug|Any CPU.Build.0 = Debug|Any CPU
		{99B94BE5-33B5-4984-A603-EE9E7C71FBBF}.Release|Any CPU.ActiveCfg = Release|Any CPU
		{99B94BE5-33B5-4984-A603-EE9E7C71FBBF}.Release|Any CPU.Build.0 = Release|Any CPU
		{46BE1AEA-3BDD-479A-A91F-FE506E1895F7}.Debug|Any CPU.ActiveCfg = Debug|Any CPU
		{46BE1AEA-3BDD-479A-A91F-FE506E1895F7}.Debug|Any CPU.Build.0 = Debug|Any CPU
		{46BE1AEA-3BDD-479A-A91F-FE506E1895F7}.Release|Any CPU.ActiveCfg = Release|Any CPU
		{46BE1AEA-3BDD-479A-A91F-FE506E1895F7}.Release|Any CPU.Build.0 = Release|Any CPU
		{A59BDA4B-AE46-4AA1-A7A6-E54130E188E4}.Debug|Any CPU.ActiveCfg = Debug|Any CPU
		{A59BDA4B-AE46-4AA1-A7A6-E54130E188E4}.Debug|Any CPU.Build.0 = Debug|Any CPU
		{A59BDA4B-AE46-4AA1-A7A6-E54130E188E4}.Release|Any CPU.ActiveCfg = Release|Any CPU
		{A59BDA4B-AE46-4AA1-A7A6-E54130E188E4}.Release|Any CPU.Build.0 = Release|Any CPU
	EndGlobalSection
	GlobalSection(SolutionProperties) = preSolution
		HideSolutionNode = FALSE
	EndGlobalSection
	GlobalSection(NestedProjects) = preSolution
		{CC3DEC79-DAD0-4891-8798-C7B4E8042B09} = {D6A23707-D4A6-4932-B1DE-DF374565F405}
		{FF26B1E6-4CB1-40B7-A9A4-F93B8EBEF273} = {D6A23707-D4A6-4932-B1DE-DF374565F405}
		{E3F85453-5098-4F64-97D4-2612B25A1BC5} = {D6A23707-D4A6-4932-B1DE-DF374565F405}
		{D973311B-E9FD-48D4-B976-7F70372D43FB} = {D6A23707-D4A6-4932-B1DE-DF374565F405}
		{3D44BEBB-A6AC-47A8-B5B6-6E18AAF10786} = {D6A23707-D4A6-4932-B1DE-DF374565F405}
		{75AF36A8-7797-4023-B183-5B63D448420A} = {C29C5404-3DB7-4ABA-95E5-8FA362D59D64}
		{90E8F10B-B53B-4A7B-808F-A207C862D5AF} = {D6A23707-D4A6-4932-B1DE-DF374565F405}
		{83E635A6-4A56-46B5-899D-4FC1026E5B26} = {90E8F10B-B53B-4A7B-808F-A207C862D5AF}
		{9DF80C3F-9AE6-4FBE-81B7-3C3B00B101B2} = {31D6A25F-6E33-4B92-85E3-D0D2AAA2DB79}
		{8C5FC4CF-1A5B-47D4-8021-709B3FAC5F63} = {73F83EE4-A4E9-4728-8A2D-B0B8BB83A3B7}
		{99B94BE5-33B5-4984-A603-EE9E7C71FBBF} = {73F83EE4-A4E9-4728-8A2D-B0B8BB83A3B7}
		{46BE1AEA-3BDD-479A-A91F-FE506E1895F7} = {73F83EE4-A4E9-4728-8A2D-B0B8BB83A3B7}
		{A59BDA4B-AE46-4AA1-A7A6-E54130E188E4} = {73F83EE4-A4E9-4728-8A2D-B0B8BB83A3B7}
	EndGlobalSection
	GlobalSection(ExtensibilityGlobals) = postSolution
		SolutionGuid = {242CA456-223F-4F7D-B950-0B94F48F7A6D}
	EndGlobalSection
EndGlobal
