
Microsoft Visual Studio Solution File, Format Version 12.00
# Visual Studio 15
VisualStudioVersion = 15.0.28307.960
MinimumVisualStudioVersion = 10.0.40219.1
Project("{FAE04EC0-301F-11D3-BF4B-00C04F79EFBC}") = "North", "North\North.csproj", "{D92E48BE-6522-4A48-AC3F-07020A2C1D01}"
EndProject
Project("{2150E333-8FDC-42A3-9474-1A3956D46DE8}") = "Solution Items", "Solution Items", "{10AC0965-6946-448F-8C7B-9F87DE4666AD}"
	ProjectSection(SolutionItems) = preProject
		CustomerTwoDuplicates_1.sql = CustomerTwoDuplicates_1.sql
		GetKeys.sql = GetKeys.sql
		North2020Script.sql = North2020Script.sql
		readme.md = readme.md
	EndProjectSection
EndProject
Project("{FAE04EC0-301F-11D3-BF4B-00C04F79EFBC}") = "NorthStockConfiguration", "NorthStockConfiguration\NorthStockConfiguration.csproj", "{CC3DEC79-DAD0-4891-8798-C7B4E8042B09}"
EndProject
Project("{FAE04EC0-301F-11D3-BF4B-00C04F79EFBC}") = "NorthWithFolders", "NorthWithFolders\NorthWithFolders.csproj", "{FF26B1E6-4CB1-40B7-A9A4-F93B8EBEF273}"
EndProject
Project("{FAE04EC0-301F-11D3-BF4B-00C04F79EFBC}") = "NorthWithFoldersAnnotations", "NorthWithFoldersAnnotations\NorthWithFoldersAnnotations.csproj", "{E3F85453-5098-4F64-97D4-2612B25A1BC5}"
EndProject
Project("{FAE04EC0-301F-11D3-BF4B-00C04F79EFBC}") = "NorthWithConfiguration", "NorthWithConfiguration\NorthWithConfiguration.csproj", "{D973311B-E9FD-48D4-B976-7F70372D43FB}"
EndProject
Project("{FAE04EC0-301F-11D3-BF4B-00C04F79EFBC}") = "NorthOlderModel", "NorthOlderModel\NorthOlderModel.csproj", "{3D44BEBB-A6AC-47A8-B5B6-6E18AAF10786}"
EndProject
Project("{FAE04EC0-301F-11D3-BF4B-00C04F79EFBC}") = "BindingListView", "BindingListView\BindingListView.csproj", "{75AF36A8-7797-4023-B183-5B63D448420A}"
EndProject
Project("{2150E333-8FDC-42A3-9474-1A3956D46DE8}") = "Class projects", "Class projects", "{C29C5404-3DB7-4ABA-95E5-8FA362D59D64}"
EndProject
Project("{2150E333-8FDC-42A3-9474-1A3956D46DE8}") = "Permutations", "Permutations", "{D6A23707-D4A6-4932-B1DE-DF374565F405}"
EndProject
Project("{2150E333-8FDC-42A3-9474-1A3956D46DE8}") = "Front ends", "Front ends", "{90E8F10B-B53B-4A7B-808F-A207C862D5AF}"
EndProject
Project("{FAE04EC0-301F-11D3-BF4B-00C04F79EFBC}") = "AnnotationsDemos", "AnnotationsDemos\AnnotationsDemos.csproj", "{83E635A6-4A56-46B5-899D-4FC1026E5B26}"
EndProject
Project("{2150E333-8FDC-42A3-9474-1A3956D46DE8}") = "Validation samples", "Validation samples", "{31D6A25F-6E33-4B92-85E3-D0D2AAA2DB79}"
EndProject
Project("{FAE04EC0-301F-11D3-BF4B-00C04F79EFBC}") = "ValidationMocked", "ValidationMocked\ValidationMocked.csproj", "{9DF80C3F-9AE6-4FBE-81B7-3C3B00B101B2}"
EndProject
Project("{2150E333-8FDC-42A3-9474-1A3956D46DE8}") = "Working with time", "Working with time", "{73F83EE4-A4E9-4728-8A2D-B0B8BB83A3B7}"
	ProjectSection(SolutionItems) = preProject
		TimeReadme.md = TimeReadme.md
	EndProjectSection
EndProject
Project("{FAE04EC0-301F-11D3-BF4B-00C04F79EFBC}") = "TimeLibrary", "TimeLibrary\TimeLibrary.csproj", "{8C5FC4CF-1A5B-47D4-8021-709B3FAC5F63}"
EndProject
Project("{9A19103F-16F7-4668-BE54-9A1E7A4F7556}") = "TimeLibraryCore", "TimeLibraryCore\TimeLibraryCore.csproj", "{99B94BE5-33B5-4984-A603-EE9E7C71FBBF}"
EndProject
Project("{9A19103F-16F7-4668-BE54-9A1E7A4F7556}") = "TimeUnitTestProject", "TimeUnitTestProject\TimeUnitTestProject.csproj", "{46BE1AEA-3BDD-479A-A91F-FE506E1895F7}"
EndProject
Project("{FAE04EC0-301F-11D3-BF4B-00C04F79EFBC}") = "WorkingWithTimeUsingMovies", "WorkingWithTimeUsingMovies\WorkingWithTimeUsingMovies.csproj", "{A59BDA4B-AE46-4AA1-A7A6-E54130E188E4}"
EndProject
Project("{2150E333-8FDC-42A3-9474-1A3956D46DE8}") = "WPF", "WPF", "{992D4D5E-5246-4BF1-9ADE-8B6E28CBF619}"
EndProject
Project("{FAE04EC0-301F-11D3-BF4B-00C04F79EFBC}") = "DataGridSimple", "DataGridSimple\DataGridSimple.csproj", "{F5CCE47D-4B03-469F-A0A1-67DC7ACB5DC8}"
EndProject
Project("{FAE04EC0-301F-11D3-BF4B-00C04F79EFBC}") = "EntityCoreExtensions", "EntityCoreExtensions\EntityCoreExtensions.csproj", "{3192747D-641B-46C3-9EC5-8AE0FF563D19}"
EndProject
Project("{2150E333-8FDC-42A3-9474-1A3956D46DE8}") = "Utilities front ends", "Utilities front ends", "{FC975BA8-3154-4220-B6A1-5992E932614C}"
EndProject
Project("{FAE04EC0-301F-11D3-BF4B-00C04F79EFBC}") = "ModelPropertiesWindowsForms", "ModelPropertiesWindowsForms\ModelPropertiesWindowsForms.csproj", "{DD0EBA02-EB39-40FD-BE8F-DCF9271F4B36}"
EndProject
Project("{2150E333-8FDC-42A3-9474-1A3956D46DE8}") = "Sorting examples front ends", "Sorting examples front ends", "{870E5E77-D2CE-4320-BDF9-3B652EB29774}"
EndProject
Project("{FAE04EC0-301F-11D3-BF4B-00C04F79EFBC}") = "FirstUpSorting", "FirstUpSorting\FirstUpSorting.csproj", "{C25C6C20-0048-40D4-AB65-BF4D97199CBD}"
EndProject
Project("{FAE04EC0-301F-11D3-BF4B-00C04F79EFBC}") = "DynamicSortByPropertyName", "DynamicSortByPropertyName\DynamicSortByPropertyName.csproj", "{C0A087D8-6F4E-4D9A-B603-2FB2128BEFF2}"
EndProject
Project("{FAE04EC0-301F-11D3-BF4B-00C04F79EFBC}") = "EnumGeneratorLibrary", "EnumGeneratorLibrary\EnumGeneratorLibrary.csproj", "{637B8DD1-F45C-447E-9290-9E76C1E9AD3C}"
EndProject
Project("{2150E333-8FDC-42A3-9474-1A3956D46DE8}") = "Unit test projects", "Unit test projects", "{8772C5DD-6778-4DC8-A4C9-57764152B43B}"
EndProject
Project("{FAE04EC0-301F-11D3-BF4B-00C04F79EFBC}") = "UtilityTestProject", "UtilityTestProject\UtilityTestProject.csproj", "{F5F888F7-7866-4778-B13C-5F9FBF907F34}"
EndProject
Project("{FAE04EC0-301F-11D3-BF4B-00C04F79EFBC}") = "SortLibrary", "SortLibrary\SortLibrary.csproj", "{47E11B18-D07F-46C4-B625-ED22A83E1E83}"
EndProject
Project("{FAE04EC0-301F-11D3-BF4B-00C04F79EFBC}") = "ExceptionHandling", "ExceptionHandling\ExceptionHandling.csproj", "{6D49F625-E9F5-4751-833B-B0C0A01C4D7A}"
EndProject
Project("{FAE04EC0-301F-11D3-BF4B-00C04F79EFBC}") = "Windows.Forms.Application", "Windows.Forms.Application\Windows.Forms.Application.csproj", "{20815AF7-945C-4F5E-9AFD-750F07C81256}"
EndProject
Project("{FAE04EC0-301F-11D3-BF4B-00C04F79EFBC}") = "WindowsFormsApp1", "WindowsFormsApp1\WindowsFormsApp1.csproj", "{37635839-687B-4E28-AAF2-7FA483B726C1}"
EndProject
Project("{2150E333-8FDC-42A3-9474-1A3956D46DE8}") = "Benchmarking", "Benchmarking", "{6DF9E211-552E-45D1-8753-F6554C23FE2F}"
EndProject
Project("{FAE04EC0-301F-11D3-BF4B-00C04F79EFBC}") = "NorthBenchMarking", "NorthBenchMarking\NorthBenchMarking.csproj", "{B366CE03-B1FC-4C3B-84C5-B65521D9D0A0}"
EndProject
Project("{FAE04EC0-301F-11D3-BF4B-00C04F79EFBC}") = "EmployeeUnitTest", "EmployeeUnitTest\EmployeeUnitTest.csproj", "{56F0096B-621D-479C-9098-63EA0612EFF5}"
EndProject
Project("{FAE04EC0-301F-11D3-BF4B-00C04F79EFBC}") = "NorthEntityLibrary", "NorthEntityLibrary\NorthEntityLibrary.csproj", "{5B3A96AB-3337-4428-9568-8BF34BEC9DAC}"
EndProject
Project("{2150E333-8FDC-42A3-9474-1A3956D46DE8}") = "Console projects", "Console projects", "{C704F7DF-50E2-4274-888E-EB3219FE1404}"
EndProject
Project("{FAE04EC0-301F-11D3-BF4B-00C04F79EFBC}") = "Demo1", "Demo1\Demo1.csproj", "{ACF0DE88-56B4-46B2-9236-EBB751A708D1}"
EndProject
Global
	GlobalSection(SolutionConfigurationPlatforms) = preSolution
		Debug|Any CPU = Debug|Any CPU
		NormalDebug|Any CPU = NormalDebug|Any CPU
		Release|Any CPU = Release|Any CPU
	EndGlobalSection
	GlobalSection(ProjectConfigurationPlatforms) = postSolution
		{D92E48BE-6522-4A48-AC3F-07020A2C1D01}.Debug|Any CPU.ActiveCfg = Debug|Any CPU
		{D92E48BE-6522-4A48-AC3F-07020A2C1D01}.Debug|Any CPU.Build.0 = Debug|Any CPU
		{D92E48BE-6522-4A48-AC3F-07020A2C1D01}.NormalDebug|Any CPU.ActiveCfg = Debug|Any CPU
		{D92E48BE-6522-4A48-AC3F-07020A2C1D01}.NormalDebug|Any CPU.Build.0 = Debug|Any CPU
		{D92E48BE-6522-4A48-AC3F-07020A2C1D01}.Release|Any CPU.ActiveCfg = Release|Any CPU
		{D92E48BE-6522-4A48-AC3F-07020A2C1D01}.Release|Any CPU.Build.0 = Release|Any CPU
		{CC3DEC79-DAD0-4891-8798-C7B4E8042B09}.Debug|Any CPU.ActiveCfg = Debug|Any CPU
		{CC3DEC79-DAD0-4891-8798-C7B4E8042B09}.Debug|Any CPU.Build.0 = Debug|Any CPU
		{CC3DEC79-DAD0-4891-8798-C7B4E8042B09}.NormalDebug|Any CPU.ActiveCfg = NormalDebug|Any CPU
		{CC3DEC79-DAD0-4891-8798-C7B4E8042B09}.NormalDebug|Any CPU.Build.0 = NormalDebug|Any CPU
		{CC3DEC79-DAD0-4891-8798-C7B4E8042B09}.Release|Any CPU.ActiveCfg = Release|Any CPU
		{CC3DEC79-DAD0-4891-8798-C7B4E8042B09}.Release|Any CPU.Build.0 = Release|Any CPU
		{FF26B1E6-4CB1-40B7-A9A4-F93B8EBEF273}.Debug|Any CPU.ActiveCfg = Debug|Any CPU
		{FF26B1E6-4CB1-40B7-A9A4-F93B8EBEF273}.Debug|Any CPU.Build.0 = Debug|Any CPU
		{FF26B1E6-4CB1-40B7-A9A4-F93B8EBEF273}.NormalDebug|Any CPU.ActiveCfg = NormalDebug|Any CPU
		{FF26B1E6-4CB1-40B7-A9A4-F93B8EBEF273}.NormalDebug|Any CPU.Build.0 = NormalDebug|Any CPU
		{FF26B1E6-4CB1-40B7-A9A4-F93B8EBEF273}.Release|Any CPU.ActiveCfg = Release|Any CPU
		{FF26B1E6-4CB1-40B7-A9A4-F93B8EBEF273}.Release|Any CPU.Build.0 = Release|Any CPU
		{E3F85453-5098-4F64-97D4-2612B25A1BC5}.Debug|Any CPU.ActiveCfg = Debug|Any CPU
		{E3F85453-5098-4F64-97D4-2612B25A1BC5}.Debug|Any CPU.Build.0 = Debug|Any CPU
		{E3F85453-5098-4F64-97D4-2612B25A1BC5}.NormalDebug|Any CPU.ActiveCfg = NormalDebug|Any CPU
		{E3F85453-5098-4F64-97D4-2612B25A1BC5}.NormalDebug|Any CPU.Build.0 = NormalDebug|Any CPU
		{E3F85453-5098-4F64-97D4-2612B25A1BC5}.Release|Any CPU.ActiveCfg = Release|Any CPU
		{E3F85453-5098-4F64-97D4-2612B25A1BC5}.Release|Any CPU.Build.0 = Release|Any CPU
		{D973311B-E9FD-48D4-B976-7F70372D43FB}.Debug|Any CPU.ActiveCfg = Debug|Any CPU
		{D973311B-E9FD-48D4-B976-7F70372D43FB}.Debug|Any CPU.Build.0 = Debug|Any CPU
		{D973311B-E9FD-48D4-B976-7F70372D43FB}.NormalDebug|Any CPU.ActiveCfg = NormalDebug|Any CPU
		{D973311B-E9FD-48D4-B976-7F70372D43FB}.NormalDebug|Any CPU.Build.0 = NormalDebug|Any CPU
		{D973311B-E9FD-48D4-B976-7F70372D43FB}.Release|Any CPU.ActiveCfg = Release|Any CPU
		{D973311B-E9FD-48D4-B976-7F70372D43FB}.Release|Any CPU.Build.0 = Release|Any CPU
		{3D44BEBB-A6AC-47A8-B5B6-6E18AAF10786}.Debug|Any CPU.ActiveCfg = Debug|Any CPU
		{3D44BEBB-A6AC-47A8-B5B6-6E18AAF10786}.Debug|Any CPU.Build.0 = Debug|Any CPU
		{3D44BEBB-A6AC-47A8-B5B6-6E18AAF10786}.NormalDebug|Any CPU.ActiveCfg = NormalDebug|Any CPU
		{3D44BEBB-A6AC-47A8-B5B6-6E18AAF10786}.NormalDebug|Any CPU.Build.0 = NormalDebug|Any CPU
		{3D44BEBB-A6AC-47A8-B5B6-6E18AAF10786}.Release|Any CPU.ActiveCfg = Release|Any CPU
		{3D44BEBB-A6AC-47A8-B5B6-6E18AAF10786}.Release|Any CPU.Build.0 = Release|Any CPU
		{75AF36A8-7797-4023-B183-5B63D448420A}.Debug|Any CPU.ActiveCfg = Debug|Any CPU
		{75AF36A8-7797-4023-B183-5B63D448420A}.Debug|Any CPU.Build.0 = Debug|Any CPU
		{75AF36A8-7797-4023-B183-5B63D448420A}.NormalDebug|Any CPU.ActiveCfg = NormalDebug|Any CPU
		{75AF36A8-7797-4023-B183-5B63D448420A}.NormalDebug|Any CPU.Build.0 = NormalDebug|Any CPU
		{75AF36A8-7797-4023-B183-5B63D448420A}.Release|Any CPU.ActiveCfg = Release|Any CPU
		{75AF36A8-7797-4023-B183-5B63D448420A}.Release|Any CPU.Build.0 = Release|Any CPU
		{83E635A6-4A56-46B5-899D-4FC1026E5B26}.Debug|Any CPU.ActiveCfg = Debug|Any CPU
		{83E635A6-4A56-46B5-899D-4FC1026E5B26}.Debug|Any CPU.Build.0 = Debug|Any CPU
		{83E635A6-4A56-46B5-899D-4FC1026E5B26}.NormalDebug|Any CPU.ActiveCfg = NormalDebug|Any CPU
		{83E635A6-4A56-46B5-899D-4FC1026E5B26}.NormalDebug|Any CPU.Build.0 = NormalDebug|Any CPU
		{83E635A6-4A56-46B5-899D-4FC1026E5B26}.Release|Any CPU.ActiveCfg = Release|Any CPU
		{83E635A6-4A56-46B5-899D-4FC1026E5B26}.Release|Any CPU.Build.0 = Release|Any CPU
		{9DF80C3F-9AE6-4FBE-81B7-3C3B00B101B2}.Debug|Any CPU.ActiveCfg = Debug|Any CPU
		{9DF80C3F-9AE6-4FBE-81B7-3C3B00B101B2}.Debug|Any CPU.Build.0 = Debug|Any CPU
		{9DF80C3F-9AE6-4FBE-81B7-3C3B00B101B2}.NormalDebug|Any CPU.ActiveCfg = NormalDebug|Any CPU
		{9DF80C3F-9AE6-4FBE-81B7-3C3B00B101B2}.NormalDebug|Any CPU.Build.0 = NormalDebug|Any CPU
		{9DF80C3F-9AE6-4FBE-81B7-3C3B00B101B2}.Release|Any CPU.ActiveCfg = Release|Any CPU
		{9DF80C3F-9AE6-4FBE-81B7-3C3B00B101B2}.Release|Any CPU.Build.0 = Release|Any CPU
		{8C5FC4CF-1A5B-47D4-8021-709B3FAC5F63}.Debug|Any CPU.ActiveCfg = Debug|Any CPU
		{8C5FC4CF-1A5B-47D4-8021-709B3FAC5F63}.Debug|Any CPU.Build.0 = Debug|Any CPU
		{8C5FC4CF-1A5B-47D4-8021-709B3FAC5F63}.NormalDebug|Any CPU.ActiveCfg = NormalDebug|Any CPU
		{8C5FC4CF-1A5B-47D4-8021-709B3FAC5F63}.NormalDebug|Any CPU.Build.0 = NormalDebug|Any CPU
		{8C5FC4CF-1A5B-47D4-8021-709B3FAC5F63}.Release|Any CPU.ActiveCfg = Release|Any CPU
		{8C5FC4CF-1A5B-47D4-8021-709B3FAC5F63}.Release|Any CPU.Build.0 = Release|Any CPU
		{99B94BE5-33B5-4984-A603-EE9E7C71FBBF}.Debug|Any CPU.ActiveCfg = Debug|Any CPU
		{99B94BE5-33B5-4984-A603-EE9E7C71FBBF}.Debug|Any CPU.Build.0 = Debug|Any CPU
		{99B94BE5-33B5-4984-A603-EE9E7C71FBBF}.NormalDebug|Any CPU.ActiveCfg = NormalDebug|Any CPU
		{99B94BE5-33B5-4984-A603-EE9E7C71FBBF}.NormalDebug|Any CPU.Build.0 = NormalDebug|Any CPU
		{99B94BE5-33B5-4984-A603-EE9E7C71FBBF}.Release|Any CPU.ActiveCfg = Release|Any CPU
		{99B94BE5-33B5-4984-A603-EE9E7C71FBBF}.Release|Any CPU.Build.0 = Release|Any CPU
		{46BE1AEA-3BDD-479A-A91F-FE506E1895F7}.Debug|Any CPU.ActiveCfg = Debug|Any CPU
		{46BE1AEA-3BDD-479A-A91F-FE506E1895F7}.Debug|Any CPU.Build.0 = Debug|Any CPU
		{46BE1AEA-3BDD-479A-A91F-FE506E1895F7}.NormalDebug|Any CPU.ActiveCfg = NormalDebug|Any CPU
		{46BE1AEA-3BDD-479A-A91F-FE506E1895F7}.NormalDebug|Any CPU.Build.0 = NormalDebug|Any CPU
		{46BE1AEA-3BDD-479A-A91F-FE506E1895F7}.Release|Any CPU.ActiveCfg = Release|Any CPU
		{46BE1AEA-3BDD-479A-A91F-FE506E1895F7}.Release|Any CPU.Build.0 = Release|Any CPU
		{A59BDA4B-AE46-4AA1-A7A6-E54130E188E4}.Debug|Any CPU.ActiveCfg = Debug|Any CPU
		{A59BDA4B-AE46-4AA1-A7A6-E54130E188E4}.Debug|Any CPU.Build.0 = Debug|Any CPU
		{A59BDA4B-AE46-4AA1-A7A6-E54130E188E4}.NormalDebug|Any CPU.ActiveCfg = NormalDebug|Any CPU
		{A59BDA4B-AE46-4AA1-A7A6-E54130E188E4}.NormalDebug|Any CPU.Build.0 = NormalDebug|Any CPU
		{A59BDA4B-AE46-4AA1-A7A6-E54130E188E4}.Release|Any CPU.ActiveCfg = Release|Any CPU
		{A59BDA4B-AE46-4AA1-A7A6-E54130E188E4}.Release|Any CPU.Build.0 = Release|Any CPU
		{F5CCE47D-4B03-469F-A0A1-67DC7ACB5DC8}.Debug|Any CPU.ActiveCfg = Debug|Any CPU
		{F5CCE47D-4B03-469F-A0A1-67DC7ACB5DC8}.Debug|Any CPU.Build.0 = Debug|Any CPU
		{F5CCE47D-4B03-469F-A0A1-67DC7ACB5DC8}.NormalDebug|Any CPU.ActiveCfg = NormalDebug|Any CPU
		{F5CCE47D-4B03-469F-A0A1-67DC7ACB5DC8}.NormalDebug|Any CPU.Build.0 = NormalDebug|Any CPU
		{F5CCE47D-4B03-469F-A0A1-67DC7ACB5DC8}.Release|Any CPU.ActiveCfg = Release|Any CPU
		{F5CCE47D-4B03-469F-A0A1-67DC7ACB5DC8}.Release|Any CPU.Build.0 = Release|Any CPU
		{3192747D-641B-46C3-9EC5-8AE0FF563D19}.Debug|Any CPU.ActiveCfg = Debug|Any CPU
		{3192747D-641B-46C3-9EC5-8AE0FF563D19}.Debug|Any CPU.Build.0 = Debug|Any CPU
		{3192747D-641B-46C3-9EC5-8AE0FF563D19}.NormalDebug|Any CPU.ActiveCfg = NormalDebug|Any CPU
		{3192747D-641B-46C3-9EC5-8AE0FF563D19}.NormalDebug|Any CPU.Build.0 = NormalDebug|Any CPU
		{3192747D-641B-46C3-9EC5-8AE0FF563D19}.Release|Any CPU.ActiveCfg = Release|Any CPU
		{3192747D-641B-46C3-9EC5-8AE0FF563D19}.Release|Any CPU.Build.0 = Release|Any CPU
		{DD0EBA02-EB39-40FD-BE8F-DCF9271F4B36}.Debug|Any CPU.ActiveCfg = Debug|Any CPU
		{DD0EBA02-EB39-40FD-BE8F-DCF9271F4B36}.Debug|Any CPU.Build.0 = Debug|Any CPU
		{DD0EBA02-EB39-40FD-BE8F-DCF9271F4B36}.NormalDebug|Any CPU.ActiveCfg = NormalDebug|Any CPU
		{DD0EBA02-EB39-40FD-BE8F-DCF9271F4B36}.NormalDebug|Any CPU.Build.0 = NormalDebug|Any CPU
		{DD0EBA02-EB39-40FD-BE8F-DCF9271F4B36}.Release|Any CPU.ActiveCfg = Release|Any CPU
		{DD0EBA02-EB39-40FD-BE8F-DCF9271F4B36}.Release|Any CPU.Build.0 = Release|Any CPU
		{C25C6C20-0048-40D4-AB65-BF4D97199CBD}.Debug|Any CPU.ActiveCfg = Debug|Any CPU
		{C25C6C20-0048-40D4-AB65-BF4D97199CBD}.Debug|Any CPU.Build.0 = Debug|Any CPU
		{C25C6C20-0048-40D4-AB65-BF4D97199CBD}.NormalDebug|Any CPU.ActiveCfg = NormalDebug|Any CPU
		{C25C6C20-0048-40D4-AB65-BF4D97199CBD}.NormalDebug|Any CPU.Build.0 = NormalDebug|Any CPU
		{C25C6C20-0048-40D4-AB65-BF4D97199CBD}.Release|Any CPU.ActiveCfg = Release|Any CPU
		{C25C6C20-0048-40D4-AB65-BF4D97199CBD}.Release|Any CPU.Build.0 = Release|Any CPU
		{C0A087D8-6F4E-4D9A-B603-2FB2128BEFF2}.Debug|Any CPU.ActiveCfg = Debug|Any CPU
		{C0A087D8-6F4E-4D9A-B603-2FB2128BEFF2}.Debug|Any CPU.Build.0 = Debug|Any CPU
		{C0A087D8-6F4E-4D9A-B603-2FB2128BEFF2}.NormalDebug|Any CPU.ActiveCfg = NormalDebug|Any CPU
		{C0A087D8-6F4E-4D9A-B603-2FB2128BEFF2}.NormalDebug|Any CPU.Build.0 = NormalDebug|Any CPU
		{C0A087D8-6F4E-4D9A-B603-2FB2128BEFF2}.Release|Any CPU.ActiveCfg = Release|Any CPU
		{C0A087D8-6F4E-4D9A-B603-2FB2128BEFF2}.Release|Any CPU.Build.0 = Release|Any CPU
		{637B8DD1-F45C-447E-9290-9E76C1E9AD3C}.Debug|Any CPU.ActiveCfg = Debug|Any CPU
		{637B8DD1-F45C-447E-9290-9E76C1E9AD3C}.Debug|Any CPU.Build.0 = Debug|Any CPU
		{637B8DD1-F45C-447E-9290-9E76C1E9AD3C}.NormalDebug|Any CPU.ActiveCfg = NormalDebug|Any CPU
		{637B8DD1-F45C-447E-9290-9E76C1E9AD3C}.NormalDebug|Any CPU.Build.0 = NormalDebug|Any CPU
		{637B8DD1-F45C-447E-9290-9E76C1E9AD3C}.Release|Any CPU.ActiveCfg = Release|Any CPU
		{637B8DD1-F45C-447E-9290-9E76C1E9AD3C}.Release|Any CPU.Build.0 = Release|Any CPU
		{F5F888F7-7866-4778-B13C-5F9FBF907F34}.Debug|Any CPU.ActiveCfg = Debug|Any CPU
		{F5F888F7-7866-4778-B13C-5F9FBF907F34}.Debug|Any CPU.Build.0 = Debug|Any CPU
		{F5F888F7-7866-4778-B13C-5F9FBF907F34}.NormalDebug|Any CPU.ActiveCfg = NormalDebug|Any CPU
		{F5F888F7-7866-4778-B13C-5F9FBF907F34}.NormalDebug|Any CPU.Build.0 = NormalDebug|Any CPU
		{F5F888F7-7866-4778-B13C-5F9FBF907F34}.Release|Any CPU.ActiveCfg = Release|Any CPU
		{F5F888F7-7866-4778-B13C-5F9FBF907F34}.Release|Any CPU.Build.0 = Release|Any CPU
		{47E11B18-D07F-46C4-B625-ED22A83E1E83}.Debug|Any CPU.ActiveCfg = Debug|Any CPU
		{47E11B18-D07F-46C4-B625-ED22A83E1E83}.Debug|Any CPU.Build.0 = Debug|Any CPU
		{47E11B18-D07F-46C4-B625-ED22A83E1E83}.NormalDebug|Any CPU.ActiveCfg = NormalDebug|Any CPU
		{47E11B18-D07F-46C4-B625-ED22A83E1E83}.NormalDebug|Any CPU.Build.0 = NormalDebug|Any CPU
		{47E11B18-D07F-46C4-B625-ED22A83E1E83}.Release|Any CPU.ActiveCfg = Release|Any CPU
		{47E11B18-D07F-46C4-B625-ED22A83E1E83}.Release|Any CPU.Build.0 = Release|Any CPU
		{6D49F625-E9F5-4751-833B-B0C0A01C4D7A}.Debug|Any CPU.ActiveCfg = Debug|Any CPU
		{6D49F625-E9F5-4751-833B-B0C0A01C4D7A}.Debug|Any CPU.Build.0 = Debug|Any CPU
		{6D49F625-E9F5-4751-833B-B0C0A01C4D7A}.NormalDebug|Any CPU.ActiveCfg = NormalDebug|Any CPU
		{6D49F625-E9F5-4751-833B-B0C0A01C4D7A}.NormalDebug|Any CPU.Build.0 = NormalDebug|Any CPU
		{6D49F625-E9F5-4751-833B-B0C0A01C4D7A}.Release|Any CPU.ActiveCfg = Release|Any CPU
		{6D49F625-E9F5-4751-833B-B0C0A01C4D7A}.Release|Any CPU.Build.0 = Release|Any CPU
		{20815AF7-945C-4F5E-9AFD-750F07C81256}.Debug|Any CPU.ActiveCfg = Debug|Any CPU
		{20815AF7-945C-4F5E-9AFD-750F07C81256}.Debug|Any CPU.Build.0 = Debug|Any CPU
		{20815AF7-945C-4F5E-9AFD-750F07C81256}.NormalDebug|Any CPU.ActiveCfg = NormalDebug|Any CPU
		{20815AF7-945C-4F5E-9AFD-750F07C81256}.NormalDebug|Any CPU.Build.0 = NormalDebug|Any CPU
		{20815AF7-945C-4F5E-9AFD-750F07C81256}.Release|Any CPU.ActiveCfg = Release|Any CPU
		{20815AF7-945C-4F5E-9AFD-750F07C81256}.Release|Any CPU.Build.0 = Release|Any CPU
		{37635839-687B-4E28-AAF2-7FA483B726C1}.Debug|Any CPU.ActiveCfg = Debug|Any CPU
		{37635839-687B-4E28-AAF2-7FA483B726C1}.Debug|Any CPU.Build.0 = Debug|Any CPU
		{37635839-687B-4E28-AAF2-7FA483B726C1}.NormalDebug|Any CPU.ActiveCfg = NormalDebug|Any CPU
		{37635839-687B-4E28-AAF2-7FA483B726C1}.NormalDebug|Any CPU.Build.0 = NormalDebug|Any CPU
		{37635839-687B-4E28-AAF2-7FA483B726C1}.Release|Any CPU.ActiveCfg = Release|Any CPU
		{37635839-687B-4E28-AAF2-7FA483B726C1}.Release|Any CPU.Build.0 = Release|Any CPU
		{B366CE03-B1FC-4C3B-84C5-B65521D9D0A0}.Debug|Any CPU.ActiveCfg = Release|Any CPU
		{B366CE03-B1FC-4C3B-84C5-B65521D9D0A0}.NormalDebug|Any CPU.ActiveCfg = NormalDebug|Any CPU
		{B366CE03-B1FC-4C3B-84C5-B65521D9D0A0}.NormalDebug|Any CPU.Build.0 = NormalDebug|Any CPU
		{B366CE03-B1FC-4C3B-84C5-B65521D9D0A0}.Release|Any CPU.ActiveCfg = Release|Any CPU
		{B366CE03-B1FC-4C3B-84C5-B65521D9D0A0}.Release|Any CPU.Build.0 = Release|Any CPU
		{56F0096B-621D-479C-9098-63EA0612EFF5}.Debug|Any CPU.ActiveCfg = Debug|Any CPU
		{56F0096B-621D-479C-9098-63EA0612EFF5}.Debug|Any CPU.Build.0 = Debug|Any CPU
		{56F0096B-621D-479C-9098-63EA0612EFF5}.NormalDebug|Any CPU.ActiveCfg = Debug|Any CPU
		{56F0096B-621D-479C-9098-63EA0612EFF5}.NormalDebug|Any CPU.Build.0 = Debug|Any CPU
		{56F0096B-621D-479C-9098-63EA0612EFF5}.Release|Any CPU.ActiveCfg = Release|Any CPU
		{56F0096B-621D-479C-9098-63EA0612EFF5}.Release|Any CPU.Build.0 = Release|Any CPU
		{5B3A96AB-3337-4428-9568-8BF34BEC9DAC}.Debug|Any CPU.ActiveCfg = Debug|Any CPU
		{5B3A96AB-3337-4428-9568-8BF34BEC9DAC}.Debug|Any CPU.Build.0 = Debug|Any CPU
		{5B3A96AB-3337-4428-9568-8BF34BEC9DAC}.NormalDebug|Any CPU.ActiveCfg = Debug|Any CPU
		{5B3A96AB-3337-4428-9568-8BF34BEC9DAC}.NormalDebug|Any CPU.Build.0 = Debug|Any CPU
		{5B3A96AB-3337-4428-9568-8BF34BEC9DAC}.Release|Any CPU.ActiveCfg = Release|Any CPU
		{5B3A96AB-3337-4428-9568-8BF34BEC9DAC}.Release|Any CPU.Build.0 = Release|Any CPU
		{ACF0DE88-56B4-46B2-9236-EBB751A708D1}.Debug|Any CPU.ActiveCfg = Debug|Any CPU
		{ACF0DE88-56B4-46B2-9236-EBB751A708D1}.Debug|Any CPU.Build.0 = Debug|Any CPU
		{ACF0DE88-56B4-46B2-9236-EBB751A708D1}.NormalDebug|Any CPU.ActiveCfg = Debug|Any CPU
		{ACF0DE88-56B4-46B2-9236-EBB751A708D1}.NormalDebug|Any CPU.Build.0 = Debug|Any CPU
		{ACF0DE88-56B4-46B2-9236-EBB751A708D1}.Release|Any CPU.ActiveCfg = Release|Any CPU
		{ACF0DE88-56B4-46B2-9236-EBB751A708D1}.Release|Any CPU.Build.0 = Release|Any CPU
	EndGlobalSection
	GlobalSection(SolutionProperties) = preSolution
		HideSolutionNode = FALSE
	EndGlobalSection
	GlobalSection(NestedProjects) = preSolution
		{CC3DEC79-DAD0-4891-8798-C7B4E8042B09} = {D6A23707-D4A6-4932-B1DE-DF374565F405}
		{FF26B1E6-4CB1-40B7-A9A4-F93B8EBEF273} = {D6A23707-D4A6-4932-B1DE-DF374565F405}
		{E3F85453-5098-4F64-97D4-2612B25A1BC5} = {D6A23707-D4A6-4932-B1DE-DF374565F405}
		{D973311B-E9FD-48D4-B976-7F70372D43FB} = {D6A23707-D4A6-4932-B1DE-DF374565F405}
		{3D44BEBB-A6AC-47A8-B5B6-6E18AAF10786} = {D6A23707-D4A6-4932-B1DE-DF374565F405}
		{75AF36A8-7797-4023-B183-5B63D448420A} = {C29C5404-3DB7-4ABA-95E5-8FA362D59D64}
		{90E8F10B-B53B-4A7B-808F-A207C862D5AF} = {D6A23707-D4A6-4932-B1DE-DF374565F405}
		{83E635A6-4A56-46B5-899D-4FC1026E5B26} = {90E8F10B-B53B-4A7B-808F-A207C862D5AF}
		{9DF80C3F-9AE6-4FBE-81B7-3C3B00B101B2} = {31D6A25F-6E33-4B92-85E3-D0D2AAA2DB79}
		{8C5FC4CF-1A5B-47D4-8021-709B3FAC5F63} = {73F83EE4-A4E9-4728-8A2D-B0B8BB83A3B7}
		{99B94BE5-33B5-4984-A603-EE9E7C71FBBF} = {73F83EE4-A4E9-4728-8A2D-B0B8BB83A3B7}
		{46BE1AEA-3BDD-479A-A91F-FE506E1895F7} = {73F83EE4-A4E9-4728-8A2D-B0B8BB83A3B7}
		{A59BDA4B-AE46-4AA1-A7A6-E54130E188E4} = {73F83EE4-A4E9-4728-8A2D-B0B8BB83A3B7}
		{F5CCE47D-4B03-469F-A0A1-67DC7ACB5DC8} = {992D4D5E-5246-4BF1-9ADE-8B6E28CBF619}
		{3192747D-641B-46C3-9EC5-8AE0FF563D19} = {C29C5404-3DB7-4ABA-95E5-8FA362D59D64}
		{DD0EBA02-EB39-40FD-BE8F-DCF9271F4B36} = {FC975BA8-3154-4220-B6A1-5992E932614C}
		{C25C6C20-0048-40D4-AB65-BF4D97199CBD} = {870E5E77-D2CE-4320-BDF9-3B652EB29774}
		{C0A087D8-6F4E-4D9A-B603-2FB2128BEFF2} = {870E5E77-D2CE-4320-BDF9-3B652EB29774}
		{637B8DD1-F45C-447E-9290-9E76C1E9AD3C} = {C29C5404-3DB7-4ABA-95E5-8FA362D59D64}
		{F5F888F7-7866-4778-B13C-5F9FBF907F34} = {8772C5DD-6778-4DC8-A4C9-57764152B43B}
		{47E11B18-D07F-46C4-B625-ED22A83E1E83} = {C29C5404-3DB7-4ABA-95E5-8FA362D59D64}
		{6D49F625-E9F5-4751-833B-B0C0A01C4D7A} = {C29C5404-3DB7-4ABA-95E5-8FA362D59D64}
		{20815AF7-945C-4F5E-9AFD-750F07C81256} = {C29C5404-3DB7-4ABA-95E5-8FA362D59D64}
		{B366CE03-B1FC-4C3B-84C5-B65521D9D0A0} = {6DF9E211-552E-45D1-8753-F6554C23FE2F}
		{56F0096B-621D-479C-9098-63EA0612EFF5} = {8772C5DD-6778-4DC8-A4C9-57764152B43B}
		{5B3A96AB-3337-4428-9568-8BF34BEC9DAC} = {C29C5404-3DB7-4ABA-95E5-8FA362D59D64}
		{ACF0DE88-56B4-46B2-9236-EBB751A708D1} = {C704F7DF-50E2-4274-888E-EB3219FE1404}
	EndGlobalSection
	GlobalSection(ExtensibilityGlobals) = postSolution
		SolutionGuid = {242CA456-223F-4F7D-B950-0B94F48F7A6D}
	EndGlobalSection
EndGlobal
